// !$*UTF8*$!
{
	archiveVersion = 1;
	classes = {
	};
	objectVersion = 50;
	objects = {

/* Begin PBXBuildFile section */
		A40C10BE21AD2DB2007DAD21 /* ZLUserDetailBottomView.swift in Sources */ = {isa = PBXBuildFile; fileRef = A40C10BD21AD2DB2007DAD21 /* ZLUserDetailBottomView.swift */; };
		A40FEF4B21DDEC5200A52E67 /* ZLPostVideoArticleView.swift in Sources */ = {isa = PBXBuildFile; fileRef = A40FEF4A21DDEC5200A52E67 /* ZLPostVideoArticleView.swift */; };
		A40FEF4D21DDEC6B00A52E67 /* ZLPostVideoArticleView.xib in Resources */ = {isa = PBXBuildFile; fileRef = A40FEF4C21DDEC6B00A52E67 /* ZLPostVideoArticleView.xib */; };
		A40FEF5021DDF70B00A52E67 /* ZLDongtaiCollectionViewCell.swift in Sources */ = {isa = PBXBuildFile; fileRef = A40FEF4E21DDF70B00A52E67 /* ZLDongtaiCollectionViewCell.swift */; };
		A40FEF5121DDF70B00A52E67 /* ZLDongtaiCollectionViewCell.xib in Resources */ = {isa = PBXBuildFile; fileRef = A40FEF4F21DDF70B00A52E67 /* ZLDongtaiCollectionViewCell.xib */; };
		A424750B21A64CF9007CB22E /* ZLUserDetailController.swift in Sources */ = {isa = PBXBuildFile; fileRef = A424750921A64CF9007CB22E /* ZLUserDetailController.swift */; };
		A424750C21A64CF9007CB22E /* ZLUserDetailController.xib in Resources */ = {isa = PBXBuildFile; fileRef = A424750A21A64CF9007CB22E /* ZLUserDetailController.xib */; };
		A424750E21A65C06007CB22E /* ZLUserDetailHeaderView.swift in Sources */ = {isa = PBXBuildFile; fileRef = A424750D21A65C06007CB22E /* ZLUserDetailHeaderView.swift */; };
		A424751021A65C17007CB22E /* ZLUserDetailHeaderView.xib in Resources */ = {isa = PBXBuildFile; fileRef = A424750F21A65C17007CB22E /* ZLUserDetailHeaderView.xib */; };
		A430A62A21A2A6AF009F1D15 /* ZLSystemSetupController.swift in Sources */ = {isa = PBXBuildFile; fileRef = A430A62921A2A6AF009F1D15 /* ZLSystemSetupController.swift */; };
		A430A62C21A2B8AB009F1D15 /* settingPlist.plist in Resources */ = {isa = PBXBuildFile; fileRef = A430A62B21A2B8AA009F1D15 /* settingPlist.plist */; };
		A4363C6021B0DD5200BBE818 /* ZLRelationRecommendView.swift in Sources */ = {isa = PBXBuildFile; fileRef = A4363C5F21B0DD5200BBE818 /* ZLRelationRecommendView.swift */; };
		A4363C6221B0DD6300BBE818 /* ZLRelationRecommendView.xib in Resources */ = {isa = PBXBuildFile; fileRef = A4363C6121B0DD6200BBE818 /* ZLRelationRecommendView.xib */; };
		A4363C6521B0DF1200BBE818 /* ZLRelationRecommendCell.swift in Sources */ = {isa = PBXBuildFile; fileRef = A4363C6321B0DF1200BBE818 /* ZLRelationRecommendCell.swift */; };
		A4363C6621B0DF1200BBE818 /* ZLRelationRecommendCell.xib in Resources */ = {isa = PBXBuildFile; fileRef = A4363C6421B0DF1200BBE818 /* ZLRelationRecommendCell.xib */; };
		A43A616121E44ED5005C6744 /* ZLDongtaiOriginThreadView.swift in Sources */ = {isa = PBXBuildFile; fileRef = A43A616021E44ED5005C6744 /* ZLDongtaiOriginThreadView.swift */; };
		A43A616321E44EF6005C6744 /* ZLDongtaiOriginThreadView.xib in Resources */ = {isa = PBXBuildFile; fileRef = A43A616221E44EF6005C6744 /* ZLDongtaiOriginThreadView.xib */; };
		A43A616521E45217005C6744 /* ZLDongtaiCollectionView.swift in Sources */ = {isa = PBXBuildFile; fileRef = A43A616421E45217005C6744 /* ZLDongtaiCollectionView.swift */; };
		A43A616721E492B6005C6744 /* ZLDongtaiCollectionView.xib in Resources */ = {isa = PBXBuildFile; fileRef = A43A616621E492B6005C6744 /* ZLDongtaiCollectionView.xib */; };
		A44072BB21A249CC0062FD09 /* ZLMoreLoginViewController.swift in Sources */ = {isa = PBXBuildFile; fileRef = A44072BA21A249CC0062FD09 /* ZLMoreLoginViewController.swift */; };
		A44072BD21A24A150062FD09 /* ZLMoreLoginViewController.storyboard in Resources */ = {isa = PBXBuildFile; fileRef = A44072BC21A24A150062FD09 /* ZLMoreLoginViewController.storyboard */; };
		A448606B21A3A50500CD1941 /* SettingModel.swift in Sources */ = {isa = PBXBuildFile; fileRef = A448606A21A3A50500CD1941 /* SettingModel.swift */; };
		A448606E21A3ABF300CD1941 /* ZLSettingCell.swift in Sources */ = {isa = PBXBuildFile; fileRef = A448606C21A3ABF300CD1941 /* ZLSettingCell.swift */; };
		A448606F21A3ABF300CD1941 /* ZLSettingCell.xib in Resources */ = {isa = PBXBuildFile; fileRef = A448606D21A3ABF300CD1941 /* ZLSettingCell.xib */; };
		A448607421A3FBF200CD1941 /* ZLOffLineDownLoadCell.swift in Sources */ = {isa = PBXBuildFile; fileRef = A448607221A3FBF200CD1941 /* ZLOffLineDownLoadCell.swift */; };
		A448607521A3FBF200CD1941 /* ZLOffLineDownLoadCell.xib in Resources */ = {isa = PBXBuildFile; fileRef = A448607321A3FBF200CD1941 /* ZLOffLineDownLoadCell.xib */; };
		A448607721A3FD8100CD1941 /* ZLOfflineDownloadViewController.swift in Sources */ = {isa = PBXBuildFile; fileRef = A448607621A3FD8100CD1941 /* ZLOfflineDownloadViewController.swift */; };
		A448607921A4004B00CD1941 /* HomeNewsTitle.swift in Sources */ = {isa = PBXBuildFile; fileRef = A448607821A4004B00CD1941 /* HomeNewsTitle.swift */; };
		A44DDFA721AF8DAA0008AD0F /* ZLUserDetailBottomPushController.swift in Sources */ = {isa = PBXBuildFile; fileRef = A44DDFA621AF8DAA0008AD0F /* ZLUserDetailBottomPushController.swift */; };
		A44DDFA921AF90B30008AD0F /* ZLUserDetailPopController.swift in Sources */ = {isa = PBXBuildFile; fileRef = A44DDFA821AF90B30008AD0F /* ZLUserDetailPopController.swift */; };
		A44DDFAB21AF90C90008AD0F /* ZLUserDetailPopController.storyboard in Resources */ = {isa = PBXBuildFile; fileRef = A44DDFAA21AF90C90008AD0F /* ZLUserDetailPopController.storyboard */; };
		A44DDFAD21AFB4A20008AD0F /* ZLPopoverAnimator.swift in Sources */ = {isa = PBXBuildFile; fileRef = A44DDFAC21AFB4A20008AD0F /* ZLPopoverAnimator.swift */; };
		A44DDFAF21AFB4F60008AD0F /* ZLPresentationController.swift in Sources */ = {isa = PBXBuildFile; fileRef = A44DDFAE21AFB4F60008AD0F /* ZLPresentationController.swift */; };
		A44DDFB121AFC7210008AD0F /* ZLNavigationBar.swift in Sources */ = {isa = PBXBuildFile; fileRef = A44DDFB021AFC7210008AD0F /* ZLNavigationBar.swift */; };
		A44DDFB321AFC73F0008AD0F /* ZLNavigationBar.xib in Resources */ = {isa = PBXBuildFile; fileRef = A44DDFB221AFC73F0008AD0F /* ZLNavigationBar.xib */; };
		A452ACA221B8C80B0022BBEF /* ZLUserDetailDongTaiCell.swift in Sources */ = {isa = PBXBuildFile; fileRef = A452ACA021B8C80B0022BBEF /* ZLUserDetailDongTaiCell.swift */; };
		A452ACA321B8C80B0022BBEF /* ZLUserDetailDongTaiCell.xib in Resources */ = {isa = PBXBuildFile; fileRef = A452ACA121B8C80B0022BBEF /* ZLUserDetailDongTaiCell.xib */; };
		A452ACA521B911250022BBEF /* emoji_sort.plist in Resources */ = {isa = PBXBuildFile; fileRef = A452ACA421B911250022BBEF /* emoji_sort.plist */; };
		A452ACA721B9112E0022BBEF /* emoji_mapping.plist in Resources */ = {isa = PBXBuildFile; fileRef = A452ACA621B9112E0022BBEF /* emoji_mapping.plist */; };
		A49ABE6D219BB7B000E63CF9 /* NetWorkTool.swift in Sources */ = {isa = PBXBuildFile; fileRef = A49ABE6C219BB7B000E63CF9 /* NetWorkTool.swift */; };
		A49ABE6F219BC17000E63CF9 /* ZLMyCellModel.swift in Sources */ = {isa = PBXBuildFile; fileRef = A49ABE6E219BC17000E63CF9 /* ZLMyCellModel.swift */; };
		A49ABE72219BD1C600E63CF9 /* ZLMyOtherCell.swift in Sources */ = {isa = PBXBuildFile; fileRef = A49ABE70219BD1C600E63CF9 /* ZLMyOtherCell.swift */; };
		A49ABE73219BD1C600E63CF9 /* ZLMyOtherCell.xib in Resources */ = {isa = PBXBuildFile; fileRef = A49ABE71219BD1C600E63CF9 /* ZLMyOtherCell.xib */; };
		A49ABE76219BEDBF00E63CF9 /* ZLAttentCell.swift in Sources */ = {isa = PBXBuildFile; fileRef = A49ABE74219BEDBF00E63CF9 /* ZLAttentCell.swift */; };
		A49ABE77219BEDBF00E63CF9 /* ZLAttentCell.xib in Resources */ = {isa = PBXBuildFile; fileRef = A49ABE75219BEDBF00E63CF9 /* ZLAttentCell.xib */; };
		A49ABE7B219BF6F200E63CF9 /* UIKit+Extension.swift in Sources */ = {isa = PBXBuildFile; fileRef = A49ABE7A219BF6F200E63CF9 /* UIKit+Extension.swift */; };
		A49ABE7E219C082000E63CF9 /* ZLConcernCell.swift in Sources */ = {isa = PBXBuildFile; fileRef = A49ABE7C219C082000E63CF9 /* ZLConcernCell.swift */; };
		A49ABE7F219C082000E63CF9 /* ZLConcernCell.xib in Resources */ = {isa = PBXBuildFile; fileRef = A49ABE7D219C082000E63CF9 /* ZLConcernCell.xib */; };
		A49ABE81219C1FAF00E63CF9 /* ZLNoLoginHeaderView.swift in Sources */ = {isa = PBXBuildFile; fileRef = A49ABE80219C1FAF00E63CF9 /* ZLNoLoginHeaderView.swift */; };
		A49ABE83219C1FC000E63CF9 /* ZLNoLoginHeaderView.xib in Resources */ = {isa = PBXBuildFile; fileRef = A49ABE82219C1FC000E63CF9 /* ZLNoLoginHeaderView.xib */; };
		A49DAC1521EC2F3700A506E7 /* ZLHomeNavigationBar.swift in Sources */ = {isa = PBXBuildFile; fileRef = A49DAC1421EC2F3700A506E7 /* ZLHomeNavigationBar.swift */; };
		A49DAC1721EC2F4300A506E7 /* ZLHomeNavigationBar.xib in Resources */ = {isa = PBXBuildFile; fileRef = A49DAC1621EC2F4300A506E7 /* ZLHomeNavigationBar.xib */; };
		A4C5D133219A796800B9F4C1 /* ZLHomeViewController.swift in Sources */ = {isa = PBXBuildFile; fileRef = A4C5D117219A796800B9F4C1 /* ZLHomeViewController.swift */; };
		A4C5D134219A796800B9F4C1 /* ZLVideoViewController.swift in Sources */ = {isa = PBXBuildFile; fileRef = A4C5D11D219A796800B9F4C1 /* ZLVideoViewController.swift */; };
		A4C5D135219A796800B9F4C1 /* ZLHuoShanViewController.swift in Sources */ = {isa = PBXBuildFile; fileRef = A4C5D123219A796800B9F4C1 /* ZLHuoShanViewController.swift */; };
		A4C5D136219A796800B9F4C1 /* AppDelegate.swift in Sources */ = {isa = PBXBuildFile; fileRef = A4C5D127219A796800B9F4C1 /* AppDelegate.swift */; };
		A4C5D138219A796800B9F4C1 /* ZLMineViewController.swift in Sources */ = {isa = PBXBuildFile; fileRef = A4C5D12C219A796800B9F4C1 /* ZLMineViewController.swift */; };
		A4C5D139219A796800B9F4C1 /* ZLNewsNavigationController.swift in Sources */ = {isa = PBXBuildFile; fileRef = A4C5D130219A796800B9F4C1 /* ZLNewsNavigationController.swift */; };
		A4C5D13A219A796800B9F4C1 /* ZLMyTabController.swift in Sources */ = {isa = PBXBuildFile; fileRef = A4C5D131219A796800B9F4C1 /* ZLMyTabController.swift */; };
		A4C5D13E219AA84300B9F4C1 /* ZLMyTabBar.swift in Sources */ = {isa = PBXBuildFile; fileRef = A4C5D13D219AA84300B9F4C1 /* ZLMyTabBar.swift */; };
		A4C5D140219ABDE400B9F4C1 /* Const.swift in Sources */ = {isa = PBXBuildFile; fileRef = A4C5D13F219ABDE400B9F4C1 /* Const.swift */; };
		A4C5D143219ABF5700B9F4C1 /* UIColor+Extension.swift in Sources */ = {isa = PBXBuildFile; fileRef = A4C5D142219ABF5700B9F4C1 /* UIColor+Extension.swift */; };
		A4C65683219D1DBC00E8E118 /* MyTheme.swift in Sources */ = {isa = PBXBuildFile; fileRef = A4C65682219D1DBC00E8E118 /* MyTheme.swift */; };
		A4C65686219D3FDB00E8E118 /* default_theme.plist in Resources */ = {isa = PBXBuildFile; fileRef = A4C65685219D3FDB00E8E118 /* default_theme.plist */; };
		A4C65688219D400700E8E118 /* night_theme.plist in Resources */ = {isa = PBXBuildFile; fileRef = A4C65687219D400700E8E118 /* night_theme.plist */; };
		A4E9374121AB92C800C58810 /* ZLUserDetail.swift in Sources */ = {isa = PBXBuildFile; fileRef = A4E9374021AB92C800C58810 /* ZLUserDetail.swift */; };
		A4E9374321AB94CE00C58810 /* ZLCalculate.swift in Sources */ = {isa = PBXBuildFile; fileRef = A4E9374221AB94CE00C58810 /* ZLCalculate.swift */; };
		A4E9374521AB95DC00C58810 /* Foundation+Extension.swift in Sources */ = {isa = PBXBuildFile; fileRef = A4E9374421AB95DC00C58810 /* Foundation+Extension.swift */; };
		A4E9374721AB962C00C58810 /* Emoji.swift in Sources */ = {isa = PBXBuildFile; fileRef = A4E9374621AB962C00C58810 /* Emoji.swift */; };
		A4ED4AAE2194183F00A5E81C /* Main.storyboard in Resources */ = {isa = PBXBuildFile; fileRef = A4ED4AAC2194183F00A5E81C /* Main.storyboard */; };
		A4ED4AB02194184000A5E81C /* Assets.xcassets in Resources */ = {isa = PBXBuildFile; fileRef = A4ED4AAF2194184000A5E81C /* Assets.xcassets */; };
		A4ED4AB32194184000A5E81C /* LaunchScreen.storyboard in Resources */ = {isa = PBXBuildFile; fileRef = A4ED4AB12194184000A5E81C /* LaunchScreen.storyboard */; };
		A4ED4ABE2194184000A5E81C /* zhangyanlfNewsTests.swift in Sources */ = {isa = PBXBuildFile; fileRef = A4ED4ABD2194184000A5E81C /* zhangyanlfNewsTests.swift */; };
		A4ED4AC92194184000A5E81C /* zhangyanlfNewsUITests.swift in Sources */ = {isa = PBXBuildFile; fileRef = A4ED4AC82194184000A5E81C /* zhangyanlfNewsUITests.swift */; };
		A4F1081E21EDCB4B00FB8CB7 /* ZLWeiTouTiaoController.swift in Sources */ = {isa = PBXBuildFile; fileRef = A4F1081C21EDCB4B00FB8CB7 /* ZLWeiTouTiaoController.swift */; };
		A4F1081F21EDCB4B00FB8CB7 /* ZLWeiTouTiaoController.xib in Resources */ = {isa = PBXBuildFile; fileRef = A4F1081D21EDCB4B00FB8CB7 /* ZLWeiTouTiaoController.xib */; };
		A4FDF75021A5375A00202DDB /* SQliteManager.swift in Sources */ = {isa = PBXBuildFile; fileRef = A4FDF74F21A5375A00202DDB /* SQliteManager.swift */; };
		A4FDF75221A537A200202DDB /* libsqlite3.tbd in Frameworks */ = {isa = PBXBuildFile; fileRef = A4FDF75121A537A200202DDB /* libsqlite3.tbd */; };
		C19D67ED1B3EC167959B497A /* Pods_zhangyanlfNews.framework in Frameworks */ = {isa = PBXBuildFile; fileRef = C844C24B2273CB3BDD3DF4C6 /* Pods_zhangyanlfNews.framework */; };
/* End PBXBuildFile section */

/* Begin PBXContainerItemProxy section */
		A4ED4ABA2194184000A5E81C /* PBXContainerItemProxy */ = {
			isa = PBXContainerItemProxy;
			containerPortal = A4ED4A9D2194183F00A5E81C /* Project object */;
			proxyType = 1;
			remoteGlobalIDString = A4ED4AA42194183F00A5E81C;
			remoteInfo = zhangyanlfNews;
		};
		A4ED4AC52194184000A5E81C /* PBXContainerItemProxy */ = {
			isa = PBXContainerItemProxy;
			containerPortal = A4ED4A9D2194183F00A5E81C /* Project object */;
			proxyType = 1;
			remoteGlobalIDString = A4ED4AA42194183F00A5E81C;
			remoteInfo = zhangyanlfNews;
		};
/* End PBXContainerItemProxy section */

/* Begin PBXFileReference section */
		1D0142615FE36A4DD60E411F /* Pods-zhangyanlfNews.release.xcconfig */ = {isa = PBXFileReference; includeInIndex = 1; lastKnownFileType = text.xcconfig; name = "Pods-zhangyanlfNews.release.xcconfig"; path = "Pods/Target Support Files/Pods-zhangyanlfNews/Pods-zhangyanlfNews.release.xcconfig"; sourceTree = "<group>"; };
		43208B121A8FD6EA95A7DF53 /* Pods-zhangyanlfNews.debug.xcconfig */ = {isa = PBXFileReference; includeInIndex = 1; lastKnownFileType = text.xcconfig; name = "Pods-zhangyanlfNews.debug.xcconfig"; path = "Pods/Target Support Files/Pods-zhangyanlfNews/Pods-zhangyanlfNews.debug.xcconfig"; sourceTree = "<group>"; };
		6C2C714F6852CE7E2B13D194 /* Pods_zhangyanlfNewsTests.framework */ = {isa = PBXFileReference; explicitFileType = wrapper.framework; includeInIndex = 0; path = Pods_zhangyanlfNewsTests.framework; sourceTree = BUILT_PRODUCTS_DIR; };
		A40C10BD21AD2DB2007DAD21 /* ZLUserDetailBottomView.swift */ = {isa = PBXFileReference; lastKnownFileType = sourcecode.swift; path = ZLUserDetailBottomView.swift; sourceTree = "<group>"; };
		A40FEF4A21DDEC5200A52E67 /* ZLPostVideoArticleView.swift */ = {isa = PBXFileReference; lastKnownFileType = sourcecode.swift; path = ZLPostVideoArticleView.swift; sourceTree = "<group>"; };
		A40FEF4C21DDEC6B00A52E67 /* ZLPostVideoArticleView.xib */ = {isa = PBXFileReference; lastKnownFileType = file.xib; path = ZLPostVideoArticleView.xib; sourceTree = "<group>"; };
		A40FEF4E21DDF70B00A52E67 /* ZLDongtaiCollectionViewCell.swift */ = {isa = PBXFileReference; lastKnownFileType = sourcecode.swift; path = ZLDongtaiCollectionViewCell.swift; sourceTree = "<group>"; };
		A40FEF4F21DDF70B00A52E67 /* ZLDongtaiCollectionViewCell.xib */ = {isa = PBXFileReference; lastKnownFileType = file.xib; path = ZLDongtaiCollectionViewCell.xib; sourceTree = "<group>"; };
		A424750921A64CF9007CB22E /* ZLUserDetailController.swift */ = {isa = PBXFileReference; lastKnownFileType = sourcecode.swift; path = ZLUserDetailController.swift; sourceTree = "<group>"; };
		A424750A21A64CF9007CB22E /* ZLUserDetailController.xib */ = {isa = PBXFileReference; lastKnownFileType = file.xib; path = ZLUserDetailController.xib; sourceTree = "<group>"; };
		A424750D21A65C06007CB22E /* ZLUserDetailHeaderView.swift */ = {isa = PBXFileReference; lastKnownFileType = sourcecode.swift; path = ZLUserDetailHeaderView.swift; sourceTree = "<group>"; };
		A424750F21A65C17007CB22E /* ZLUserDetailHeaderView.xib */ = {isa = PBXFileReference; lastKnownFileType = file.xib; path = ZLUserDetailHeaderView.xib; sourceTree = "<group>"; };
		A430A62921A2A6AF009F1D15 /* ZLSystemSetupController.swift */ = {isa = PBXFileReference; lastKnownFileType = sourcecode.swift; path = ZLSystemSetupController.swift; sourceTree = "<group>"; };
		A430A62B21A2B8AA009F1D15 /* settingPlist.plist */ = {isa = PBXFileReference; fileEncoding = 4; lastKnownFileType = text.plist.xml; path = settingPlist.plist; sourceTree = "<group>"; };
		A4363C5F21B0DD5200BBE818 /* ZLRelationRecommendView.swift */ = {isa = PBXFileReference; lastKnownFileType = sourcecode.swift; path = ZLRelationRecommendView.swift; sourceTree = "<group>"; };
		A4363C6121B0DD6200BBE818 /* ZLRelationRecommendView.xib */ = {isa = PBXFileReference; lastKnownFileType = file.xib; path = ZLRelationRecommendView.xib; sourceTree = "<group>"; };
		A4363C6321B0DF1200BBE818 /* ZLRelationRecommendCell.swift */ = {isa = PBXFileReference; lastKnownFileType = sourcecode.swift; path = ZLRelationRecommendCell.swift; sourceTree = "<group>"; };
		A4363C6421B0DF1200BBE818 /* ZLRelationRecommendCell.xib */ = {isa = PBXFileReference; lastKnownFileType = file.xib; path = ZLRelationRecommendCell.xib; sourceTree = "<group>"; };
		A43A616021E44ED5005C6744 /* ZLDongtaiOriginThreadView.swift */ = {isa = PBXFileReference; lastKnownFileType = sourcecode.swift; path = ZLDongtaiOriginThreadView.swift; sourceTree = "<group>"; };
		A43A616221E44EF6005C6744 /* ZLDongtaiOriginThreadView.xib */ = {isa = PBXFileReference; lastKnownFileType = file.xib; path = ZLDongtaiOriginThreadView.xib; sourceTree = "<group>"; };
		A43A616421E45217005C6744 /* ZLDongtaiCollectionView.swift */ = {isa = PBXFileReference; lastKnownFileType = sourcecode.swift; path = ZLDongtaiCollectionView.swift; sourceTree = "<group>"; };
		A43A616621E492B6005C6744 /* ZLDongtaiCollectionView.xib */ = {isa = PBXFileReference; lastKnownFileType = file.xib; path = ZLDongtaiCollectionView.xib; sourceTree = "<group>"; };
		A44072BA21A249CC0062FD09 /* ZLMoreLoginViewController.swift */ = {isa = PBXFileReference; lastKnownFileType = sourcecode.swift; path = ZLMoreLoginViewController.swift; sourceTree = "<group>"; };
		A44072BC21A24A150062FD09 /* ZLMoreLoginViewController.storyboard */ = {isa = PBXFileReference; lastKnownFileType = file.storyboard; path = ZLMoreLoginViewController.storyboard; sourceTree = "<group>"; };
		A448606A21A3A50500CD1941 /* SettingModel.swift */ = {isa = PBXFileReference; lastKnownFileType = sourcecode.swift; path = SettingModel.swift; sourceTree = "<group>"; };
		A448606C21A3ABF300CD1941 /* ZLSettingCell.swift */ = {isa = PBXFileReference; lastKnownFileType = sourcecode.swift; path = ZLSettingCell.swift; sourceTree = "<group>"; };
		A448606D21A3ABF300CD1941 /* ZLSettingCell.xib */ = {isa = PBXFileReference; lastKnownFileType = file.xib; path = ZLSettingCell.xib; sourceTree = "<group>"; };
		A448607221A3FBF200CD1941 /* ZLOffLineDownLoadCell.swift */ = {isa = PBXFileReference; lastKnownFileType = sourcecode.swift; path = ZLOffLineDownLoadCell.swift; sourceTree = "<group>"; };
		A448607321A3FBF200CD1941 /* ZLOffLineDownLoadCell.xib */ = {isa = PBXFileReference; lastKnownFileType = file.xib; path = ZLOffLineDownLoadCell.xib; sourceTree = "<group>"; };
		A448607621A3FD8100CD1941 /* ZLOfflineDownloadViewController.swift */ = {isa = PBXFileReference; lastKnownFileType = sourcecode.swift; path = ZLOfflineDownloadViewController.swift; sourceTree = "<group>"; };
		A448607821A4004B00CD1941 /* HomeNewsTitle.swift */ = {isa = PBXFileReference; lastKnownFileType = sourcecode.swift; path = HomeNewsTitle.swift; sourceTree = "<group>"; };
		A44DDFA621AF8DAA0008AD0F /* ZLUserDetailBottomPushController.swift */ = {isa = PBXFileReference; lastKnownFileType = sourcecode.swift; path = ZLUserDetailBottomPushController.swift; sourceTree = "<group>"; };
		A44DDFA821AF90B30008AD0F /* ZLUserDetailPopController.swift */ = {isa = PBXFileReference; lastKnownFileType = sourcecode.swift; path = ZLUserDetailPopController.swift; sourceTree = "<group>"; };
		A44DDFAA21AF90C90008AD0F /* ZLUserDetailPopController.storyboard */ = {isa = PBXFileReference; lastKnownFileType = file.storyboard; path = ZLUserDetailPopController.storyboard; sourceTree = "<group>"; };
		A44DDFAC21AFB4A20008AD0F /* ZLPopoverAnimator.swift */ = {isa = PBXFileReference; lastKnownFileType = sourcecode.swift; path = ZLPopoverAnimator.swift; sourceTree = "<group>"; };
		A44DDFAE21AFB4F60008AD0F /* ZLPresentationController.swift */ = {isa = PBXFileReference; lastKnownFileType = sourcecode.swift; path = ZLPresentationController.swift; sourceTree = "<group>"; };
		A44DDFB021AFC7210008AD0F /* ZLNavigationBar.swift */ = {isa = PBXFileReference; lastKnownFileType = sourcecode.swift; path = ZLNavigationBar.swift; sourceTree = "<group>"; };
		A44DDFB221AFC73F0008AD0F /* ZLNavigationBar.xib */ = {isa = PBXFileReference; lastKnownFileType = file.xib; path = ZLNavigationBar.xib; sourceTree = "<group>"; };
		A452ACA021B8C80B0022BBEF /* ZLUserDetailDongTaiCell.swift */ = {isa = PBXFileReference; lastKnownFileType = sourcecode.swift; path = ZLUserDetailDongTaiCell.swift; sourceTree = "<group>"; };
		A452ACA121B8C80B0022BBEF /* ZLUserDetailDongTaiCell.xib */ = {isa = PBXFileReference; lastKnownFileType = file.xib; path = ZLUserDetailDongTaiCell.xib; sourceTree = "<group>"; };
		A452ACA421B911250022BBEF /* emoji_sort.plist */ = {isa = PBXFileReference; lastKnownFileType = file.bplist; path = emoji_sort.plist; sourceTree = "<group>"; };
		A452ACA621B9112E0022BBEF /* emoji_mapping.plist */ = {isa = PBXFileReference; lastKnownFileType = file.bplist; path = emoji_mapping.plist; sourceTree = "<group>"; };
		A49ABE6C219BB7B000E63CF9 /* NetWorkTool.swift */ = {isa = PBXFileReference; lastKnownFileType = sourcecode.swift; path = NetWorkTool.swift; sourceTree = "<group>"; };
		A49ABE6E219BC17000E63CF9 /* ZLMyCellModel.swift */ = {isa = PBXFileReference; lastKnownFileType = sourcecode.swift; path = ZLMyCellModel.swift; sourceTree = "<group>"; };
		A49ABE70219BD1C600E63CF9 /* ZLMyOtherCell.swift */ = {isa = PBXFileReference; lastKnownFileType = sourcecode.swift; path = ZLMyOtherCell.swift; sourceTree = "<group>"; };
		A49ABE71219BD1C600E63CF9 /* ZLMyOtherCell.xib */ = {isa = PBXFileReference; lastKnownFileType = file.xib; path = ZLMyOtherCell.xib; sourceTree = "<group>"; };
		A49ABE74219BEDBF00E63CF9 /* ZLAttentCell.swift */ = {isa = PBXFileReference; lastKnownFileType = sourcecode.swift; path = ZLAttentCell.swift; sourceTree = "<group>"; };
		A49ABE75219BEDBF00E63CF9 /* ZLAttentCell.xib */ = {isa = PBXFileReference; lastKnownFileType = file.xib; path = ZLAttentCell.xib; sourceTree = "<group>"; };
		A49ABE7A219BF6F200E63CF9 /* UIKit+Extension.swift */ = {isa = PBXFileReference; lastKnownFileType = sourcecode.swift; path = "UIKit+Extension.swift"; sourceTree = "<group>"; };
		A49ABE7C219C082000E63CF9 /* ZLConcernCell.swift */ = {isa = PBXFileReference; lastKnownFileType = sourcecode.swift; path = ZLConcernCell.swift; sourceTree = "<group>"; };
		A49ABE7D219C082000E63CF9 /* ZLConcernCell.xib */ = {isa = PBXFileReference; lastKnownFileType = file.xib; path = ZLConcernCell.xib; sourceTree = "<group>"; };
		A49ABE80219C1FAF00E63CF9 /* ZLNoLoginHeaderView.swift */ = {isa = PBXFileReference; lastKnownFileType = sourcecode.swift; path = ZLNoLoginHeaderView.swift; sourceTree = "<group>"; };
		A49ABE82219C1FC000E63CF9 /* ZLNoLoginHeaderView.xib */ = {isa = PBXFileReference; lastKnownFileType = file.xib; path = ZLNoLoginHeaderView.xib; sourceTree = "<group>"; };
		A49DAC1421EC2F3700A506E7 /* ZLHomeNavigationBar.swift */ = {isa = PBXFileReference; lastKnownFileType = sourcecode.swift; path = ZLHomeNavigationBar.swift; sourceTree = "<group>"; };
		A49DAC1621EC2F4300A506E7 /* ZLHomeNavigationBar.xib */ = {isa = PBXFileReference; lastKnownFileType = file.xib; path = ZLHomeNavigationBar.xib; sourceTree = "<group>"; };
		A4C5D117219A796800B9F4C1 /* ZLHomeViewController.swift */ = {isa = PBXFileReference; fileEncoding = 4; lastKnownFileType = sourcecode.swift; path = ZLHomeViewController.swift; sourceTree = "<group>"; };
		A4C5D11D219A796800B9F4C1 /* ZLVideoViewController.swift */ = {isa = PBXFileReference; fileEncoding = 4; lastKnownFileType = sourcecode.swift; path = ZLVideoViewController.swift; sourceTree = "<group>"; };
		A4C5D123219A796800B9F4C1 /* ZLHuoShanViewController.swift */ = {isa = PBXFileReference; fileEncoding = 4; lastKnownFileType = sourcecode.swift; path = ZLHuoShanViewController.swift; sourceTree = "<group>"; };
		A4C5D127219A796800B9F4C1 /* AppDelegate.swift */ = {isa = PBXFileReference; fileEncoding = 4; lastKnownFileType = sourcecode.swift; path = AppDelegate.swift; sourceTree = "<group>"; };
		A4C5D128219A796800B9F4C1 /* Info.plist */ = {isa = PBXFileReference; fileEncoding = 4; lastKnownFileType = text.plist.xml; path = Info.plist; sourceTree = "<group>"; };
		A4C5D12C219A796800B9F4C1 /* ZLMineViewController.swift */ = {isa = PBXFileReference; fileEncoding = 4; lastKnownFileType = sourcecode.swift; path = ZLMineViewController.swift; sourceTree = "<group>"; };
		A4C5D130219A796800B9F4C1 /* ZLNewsNavigationController.swift */ = {isa = PBXFileReference; fileEncoding = 4; lastKnownFileType = sourcecode.swift; path = ZLNewsNavigationController.swift; sourceTree = "<group>"; };
		A4C5D131219A796800B9F4C1 /* ZLMyTabController.swift */ = {isa = PBXFileReference; fileEncoding = 4; lastKnownFileType = sourcecode.swift; path = ZLMyTabController.swift; sourceTree = "<group>"; };
		A4C5D13D219AA84300B9F4C1 /* ZLMyTabBar.swift */ = {isa = PBXFileReference; fileEncoding = 4; lastKnownFileType = sourcecode.swift; path = ZLMyTabBar.swift; sourceTree = "<group>"; };
		A4C5D13F219ABDE400B9F4C1 /* Const.swift */ = {isa = PBXFileReference; lastKnownFileType = sourcecode.swift; path = Const.swift; sourceTree = "<group>"; };
		A4C5D142219ABF5700B9F4C1 /* UIColor+Extension.swift */ = {isa = PBXFileReference; lastKnownFileType = sourcecode.swift; path = "UIColor+Extension.swift"; sourceTree = "<group>"; };
		A4C65682219D1DBC00E8E118 /* MyTheme.swift */ = {isa = PBXFileReference; lastKnownFileType = sourcecode.swift; path = MyTheme.swift; sourceTree = "<group>"; };
		A4C65685219D3FDB00E8E118 /* default_theme.plist */ = {isa = PBXFileReference; lastKnownFileType = text.plist.xml; path = default_theme.plist; sourceTree = "<group>"; };
		A4C65687219D400700E8E118 /* night_theme.plist */ = {isa = PBXFileReference; lastKnownFileType = text.plist.xml; path = night_theme.plist; sourceTree = "<group>"; };
		A4E9374021AB92C800C58810 /* ZLUserDetail.swift */ = {isa = PBXFileReference; lastKnownFileType = sourcecode.swift; path = ZLUserDetail.swift; sourceTree = "<group>"; };
		A4E9374221AB94CE00C58810 /* ZLCalculate.swift */ = {isa = PBXFileReference; lastKnownFileType = sourcecode.swift; path = ZLCalculate.swift; sourceTree = "<group>"; };
		A4E9374421AB95DC00C58810 /* Foundation+Extension.swift */ = {isa = PBXFileReference; lastKnownFileType = sourcecode.swift; path = "Foundation+Extension.swift"; sourceTree = "<group>"; };
		A4E9374621AB962C00C58810 /* Emoji.swift */ = {isa = PBXFileReference; lastKnownFileType = sourcecode.swift; path = Emoji.swift; sourceTree = "<group>"; };
		A4ED4AA52194183F00A5E81C /* zhangyanlfNews.app */ = {isa = PBXFileReference; explicitFileType = wrapper.application; includeInIndex = 0; path = zhangyanlfNews.app; sourceTree = BUILT_PRODUCTS_DIR; };
		A4ED4AAD2194183F00A5E81C /* Base */ = {isa = PBXFileReference; lastKnownFileType = file.storyboard; name = Base; path = Base.lproj/Main.storyboard; sourceTree = "<group>"; };
		A4ED4AAF2194184000A5E81C /* Assets.xcassets */ = {isa = PBXFileReference; lastKnownFileType = folder.assetcatalog; path = Assets.xcassets; sourceTree = "<group>"; };
		A4ED4AB22194184000A5E81C /* Base */ = {isa = PBXFileReference; lastKnownFileType = file.storyboard; name = Base; path = Base.lproj/LaunchScreen.storyboard; sourceTree = "<group>"; };
		A4ED4AB92194184000A5E81C /* zhangyanlfNewsTests.xctest */ = {isa = PBXFileReference; explicitFileType = wrapper.cfbundle; includeInIndex = 0; path = zhangyanlfNewsTests.xctest; sourceTree = BUILT_PRODUCTS_DIR; };
		A4ED4ABD2194184000A5E81C /* zhangyanlfNewsTests.swift */ = {isa = PBXFileReference; lastKnownFileType = sourcecode.swift; path = zhangyanlfNewsTests.swift; sourceTree = "<group>"; };
		A4ED4ABF2194184000A5E81C /* Info.plist */ = {isa = PBXFileReference; lastKnownFileType = text.plist.xml; path = Info.plist; sourceTree = "<group>"; };
		A4ED4AC42194184000A5E81C /* zhangyanlfNewsUITests.xctest */ = {isa = PBXFileReference; explicitFileType = wrapper.cfbundle; includeInIndex = 0; path = zhangyanlfNewsUITests.xctest; sourceTree = BUILT_PRODUCTS_DIR; };
		A4ED4AC82194184000A5E81C /* zhangyanlfNewsUITests.swift */ = {isa = PBXFileReference; lastKnownFileType = sourcecode.swift; path = zhangyanlfNewsUITests.swift; sourceTree = "<group>"; };
		A4ED4ACA2194184000A5E81C /* Info.plist */ = {isa = PBXFileReference; lastKnownFileType = text.plist.xml; path = Info.plist; sourceTree = "<group>"; };
		A4F1081C21EDCB4B00FB8CB7 /* ZLWeiTouTiaoController.swift */ = {isa = PBXFileReference; lastKnownFileType = sourcecode.swift; path = ZLWeiTouTiaoController.swift; sourceTree = "<group>"; };
		A4F1081D21EDCB4B00FB8CB7 /* ZLWeiTouTiaoController.xib */ = {isa = PBXFileReference; lastKnownFileType = file.xib; path = ZLWeiTouTiaoController.xib; sourceTree = "<group>"; };
		A4FDF74F21A5375A00202DDB /* SQliteManager.swift */ = {isa = PBXFileReference; lastKnownFileType = sourcecode.swift; path = SQliteManager.swift; sourceTree = "<group>"; };
		A4FDF75121A537A200202DDB /* libsqlite3.tbd */ = {isa = PBXFileReference; lastKnownFileType = "sourcecode.text-based-dylib-definition"; name = libsqlite3.tbd; path = usr/lib/libsqlite3.tbd; sourceTree = SDKROOT; };
		B5F03EC2BA66D5637A1FE527 /* Pods_zhangyanlfNewsUITests.framework */ = {isa = PBXFileReference; explicitFileType = wrapper.framework; includeInIndex = 0; path = Pods_zhangyanlfNewsUITests.framework; sourceTree = BUILT_PRODUCTS_DIR; };
		C844C24B2273CB3BDD3DF4C6 /* Pods_zhangyanlfNews.framework */ = {isa = PBXFileReference; explicitFileType = wrapper.framework; includeInIndex = 0; path = Pods_zhangyanlfNews.framework; sourceTree = BUILT_PRODUCTS_DIR; };
/* End PBXFileReference section */

/* Begin PBXFrameworksBuildPhase section */
		A4ED4AA22194183F00A5E81C /* Frameworks */ = {
			isa = PBXFrameworksBuildPhase;
			buildActionMask = 2147483647;
			files = (
				A4FDF75221A537A200202DDB /* libsqlite3.tbd in Frameworks */,
				C19D67ED1B3EC167959B497A /* Pods_zhangyanlfNews.framework in Frameworks */,
			);
			runOnlyForDeploymentPostprocessing = 0;
		};
		A4ED4AB62194184000A5E81C /* Frameworks */ = {
			isa = PBXFrameworksBuildPhase;
			buildActionMask = 2147483647;
			files = (
			);
			runOnlyForDeploymentPostprocessing = 0;
		};
		A4ED4AC12194184000A5E81C /* Frameworks */ = {
			isa = PBXFrameworksBuildPhase;
			buildActionMask = 2147483647;
			files = (
			);
			runOnlyForDeploymentPostprocessing = 0;
		};
/* End PBXFrameworksBuildPhase section */

/* Begin PBXGroup section */
		223CD2166EF7DED28ECB38F7 /* Pods */ = {
			isa = PBXGroup;
			children = (
				43208B121A8FD6EA95A7DF53 /* Pods-zhangyanlfNews.debug.xcconfig */,
				1D0142615FE36A4DD60E411F /* Pods-zhangyanlfNews.release.xcconfig */,
			);
			name = Pods;
			sourceTree = "<group>";
		};
		A49ABE6B219BB79200E63CF9 /* Tools */ = {
			isa = PBXGroup;
			children = (
				A49ABE6C219BB7B000E63CF9 /* NetWorkTool.swift */,
				A4C65682219D1DBC00E8E118 /* MyTheme.swift */,
				A4FDF74F21A5375A00202DDB /* SQliteManager.swift */,
				A4E9374221AB94CE00C58810 /* ZLCalculate.swift */,
				A4E9374621AB962C00C58810 /* Emoji.swift */,
			);
			path = Tools;
			sourceTree = "<group>";
		};
		A4C5D113219A796800B9F4C1 /* Classes */ = {
			isa = PBXGroup;
			children = (
				A4C5D114219A796800B9F4C1 /* Home */,
				A4C5D11A219A796800B9F4C1 /* Video */,
				A4F1081821EDCB1F00FB8CB7 /* Weitoutiao */,
				A4C5D120219A796800B9F4C1 /* HuoShan */,
				A4C5D126219A796800B9F4C1 /* Others */,
				A4C5D129219A796800B9F4C1 /* Mine */,
				A4C5D12F219A796800B9F4C1 /* Main */,
			);
			path = Classes;
			sourceTree = "<group>";
		};
		A4C5D114219A796800B9F4C1 /* Home */ = {
			isa = PBXGroup;
			children = (
				A4C5D115219A796800B9F4C1 /* ViewModel */,
				A4C5D116219A796800B9F4C1 /* Controller */,
				A4C5D118219A796800B9F4C1 /* Model */,
				A4C5D119219A796800B9F4C1 /* View */,
			);
			path = Home;
			sourceTree = "<group>";
		};
		A4C5D115219A796800B9F4C1 /* ViewModel */ = {
			isa = PBXGroup;
			children = (
			);
			path = ViewModel;
			sourceTree = "<group>";
		};
		A4C5D116219A796800B9F4C1 /* Controller */ = {
			isa = PBXGroup;
			children = (
				A4C5D117219A796800B9F4C1 /* ZLHomeViewController.swift */,
			);
			path = Controller;
			sourceTree = "<group>";
		};
		A4C5D118219A796800B9F4C1 /* Model */ = {
			isa = PBXGroup;
			children = (
				A448607821A4004B00CD1941 /* HomeNewsTitle.swift */,
			);
			path = Model;
			sourceTree = "<group>";
		};
		A4C5D119219A796800B9F4C1 /* View */ = {
			isa = PBXGroup;
			children = (
				A49DAC1421EC2F3700A506E7 /* ZLHomeNavigationBar.swift */,
				A49DAC1621EC2F4300A506E7 /* ZLHomeNavigationBar.xib */,
			);
			path = View;
			sourceTree = "<group>";
		};
		A4C5D11A219A796800B9F4C1 /* Video */ = {
			isa = PBXGroup;
			children = (
				A4C5D11B219A796800B9F4C1 /* ViewModel */,
				A4C5D11C219A796800B9F4C1 /* Controller */,
				A4C5D11E219A796800B9F4C1 /* Model */,
				A4C5D11F219A796800B9F4C1 /* View */,
			);
			path = Video;
			sourceTree = "<group>";
		};
		A4C5D11B219A796800B9F4C1 /* ViewModel */ = {
			isa = PBXGroup;
			children = (
			);
			path = ViewModel;
			sourceTree = "<group>";
		};
		A4C5D11C219A796800B9F4C1 /* Controller */ = {
			isa = PBXGroup;
			children = (
				A4C5D11D219A796800B9F4C1 /* ZLVideoViewController.swift */,
			);
			path = Controller;
			sourceTree = "<group>";
		};
		A4C5D11E219A796800B9F4C1 /* Model */ = {
			isa = PBXGroup;
			children = (
			);
			path = Model;
			sourceTree = "<group>";
		};
		A4C5D11F219A796800B9F4C1 /* View */ = {
			isa = PBXGroup;
			children = (
			);
			path = View;
			sourceTree = "<group>";
		};
		A4C5D120219A796800B9F4C1 /* HuoShan */ = {
			isa = PBXGroup;
			children = (
				A4C5D121219A796800B9F4C1 /* ViewModel */,
				A4C5D122219A796800B9F4C1 /* Controller */,
				A4C5D124219A796800B9F4C1 /* Model */,
				A4C5D125219A796800B9F4C1 /* View */,
			);
			path = HuoShan;
			sourceTree = "<group>";
		};
		A4C5D121219A796800B9F4C1 /* ViewModel */ = {
			isa = PBXGroup;
			children = (
			);
			path = ViewModel;
			sourceTree = "<group>";
		};
		A4C5D122219A796800B9F4C1 /* Controller */ = {
			isa = PBXGroup;
			children = (
				A4C5D123219A796800B9F4C1 /* ZLHuoShanViewController.swift */,
			);
			path = Controller;
			sourceTree = "<group>";
		};
		A4C5D124219A796800B9F4C1 /* Model */ = {
			isa = PBXGroup;
			children = (
			);
			path = Model;
			sourceTree = "<group>";
		};
		A4C5D125219A796800B9F4C1 /* View */ = {
			isa = PBXGroup;
			children = (
			);
			path = View;
			sourceTree = "<group>";
		};
		A4C5D126219A796800B9F4C1 /* Others */ = {
			isa = PBXGroup;
			children = (
				A4C65684219D3F9D00E8E118 /* Theme */,
				A4C5D127219A796800B9F4C1 /* AppDelegate.swift */,
				A4C5D128219A796800B9F4C1 /* Info.plist */,
				A4C5D13F219ABDE400B9F4C1 /* Const.swift */,
				A430A62B21A2B8AA009F1D15 /* settingPlist.plist */,
				A452ACA421B911250022BBEF /* emoji_sort.plist */,
				A452ACA621B9112E0022BBEF /* emoji_mapping.plist */,
			);
			path = Others;
			sourceTree = "<group>";
		};
		A4C5D129219A796800B9F4C1 /* Mine */ = {
			isa = PBXGroup;
			children = (
				A4C5D12A219A796800B9F4C1 /* ViewModel */,
				A4C5D12B219A796800B9F4C1 /* Controller */,
				A4C5D12D219A796800B9F4C1 /* Model */,
				A4C5D12E219A796800B9F4C1 /* View */,
			);
			path = Mine;
			sourceTree = "<group>";
		};
		A4C5D12A219A796800B9F4C1 /* ViewModel */ = {
			isa = PBXGroup;
			children = (
			);
			path = ViewModel;
			sourceTree = "<group>";
		};
		A4C5D12B219A796800B9F4C1 /* Controller */ = {
			isa = PBXGroup;
			children = (
				A4C5D12C219A796800B9F4C1 /* ZLMineViewController.swift */,
				A44072BA21A249CC0062FD09 /* ZLMoreLoginViewController.swift */,
				A44072BC21A24A150062FD09 /* ZLMoreLoginViewController.storyboard */,
				A430A62921A2A6AF009F1D15 /* ZLSystemSetupController.swift */,
				A448607621A3FD8100CD1941 /* ZLOfflineDownloadViewController.swift */,
				A424750921A64CF9007CB22E /* ZLUserDetailController.swift */,
				A424750A21A64CF9007CB22E /* ZLUserDetailController.xib */,
				A44DDFA621AF8DAA0008AD0F /* ZLUserDetailBottomPushController.swift */,
				A44DDFA821AF90B30008AD0F /* ZLUserDetailPopController.swift */,
				A44DDFAA21AF90C90008AD0F /* ZLUserDetailPopController.storyboard */,
				A44DDFAE21AFB4F60008AD0F /* ZLPresentationController.swift */,
			);
			path = Controller;
			sourceTree = "<group>";
		};
		A4C5D12D219A796800B9F4C1 /* Model */ = {
			isa = PBXGroup;
			children = (
				A49ABE6E219BC17000E63CF9 /* ZLMyCellModel.swift */,
				A448606A21A3A50500CD1941 /* SettingModel.swift */,
				A4E9374021AB92C800C58810 /* ZLUserDetail.swift */,
				A44DDFAC21AFB4A20008AD0F /* ZLPopoverAnimator.swift */,
			);
			path = Model;
			sourceTree = "<group>";
		};
		A4C5D12E219A796800B9F4C1 /* View */ = {
			isa = PBXGroup;
			children = (
				A49ABE70219BD1C600E63CF9 /* ZLMyOtherCell.swift */,
				A49ABE71219BD1C600E63CF9 /* ZLMyOtherCell.xib */,
				A49ABE74219BEDBF00E63CF9 /* ZLAttentCell.swift */,
				A49ABE75219BEDBF00E63CF9 /* ZLAttentCell.xib */,
				A49ABE7C219C082000E63CF9 /* ZLConcernCell.swift */,
				A49ABE7D219C082000E63CF9 /* ZLConcernCell.xib */,
				A49ABE80219C1FAF00E63CF9 /* ZLNoLoginHeaderView.swift */,
				A49ABE82219C1FC000E63CF9 /* ZLNoLoginHeaderView.xib */,
				A448606C21A3ABF300CD1941 /* ZLSettingCell.swift */,
				A448606D21A3ABF300CD1941 /* ZLSettingCell.xib */,
				A448607221A3FBF200CD1941 /* ZLOffLineDownLoadCell.swift */,
				A448607321A3FBF200CD1941 /* ZLOffLineDownLoadCell.xib */,
				A424750D21A65C06007CB22E /* ZLUserDetailHeaderView.swift */,
				A424750F21A65C17007CB22E /* ZLUserDetailHeaderView.xib */,
				A40C10BD21AD2DB2007DAD21 /* ZLUserDetailBottomView.swift */,
				A44DDFB021AFC7210008AD0F /* ZLNavigationBar.swift */,
				A44DDFB221AFC73F0008AD0F /* ZLNavigationBar.xib */,
				A4363C5F21B0DD5200BBE818 /* ZLRelationRecommendView.swift */,
				A4363C6121B0DD6200BBE818 /* ZLRelationRecommendView.xib */,
				A4363C6321B0DF1200BBE818 /* ZLRelationRecommendCell.swift */,
				A4363C6421B0DF1200BBE818 /* ZLRelationRecommendCell.xib */,
				A452ACA021B8C80B0022BBEF /* ZLUserDetailDongTaiCell.swift */,
				A452ACA121B8C80B0022BBEF /* ZLUserDetailDongTaiCell.xib */,
				A40FEF4A21DDEC5200A52E67 /* ZLPostVideoArticleView.swift */,
				A40FEF4C21DDEC6B00A52E67 /* ZLPostVideoArticleView.xib */,
				A40FEF4E21DDF70B00A52E67 /* ZLDongtaiCollectionViewCell.swift */,
				A40FEF4F21DDF70B00A52E67 /* ZLDongtaiCollectionViewCell.xib */,
				A43A616021E44ED5005C6744 /* ZLDongtaiOriginThreadView.swift */,
				A43A616221E44EF6005C6744 /* ZLDongtaiOriginThreadView.xib */,
				A43A616421E45217005C6744 /* ZLDongtaiCollectionView.swift */,
				A43A616621E492B6005C6744 /* ZLDongtaiCollectionView.xib */,
			);
			path = View;
			sourceTree = "<group>";
		};
		A4C5D12F219A796800B9F4C1 /* Main */ = {
			isa = PBXGroup;
			children = (
				A49ABE6B219BB79200E63CF9 /* Tools */,
				A4C5D141219ABEF500B9F4C1 /* Extension */,
				A4C5D130219A796800B9F4C1 /* ZLNewsNavigationController.swift */,
				A4C5D131219A796800B9F4C1 /* ZLMyTabController.swift */,
				A4C5D13C219AA84300B9F4C1 /* View */,
			);
			path = Main;
			sourceTree = "<group>";
		};
		A4C5D13C219AA84300B9F4C1 /* View */ = {
			isa = PBXGroup;
			children = (
				A4C5D13D219AA84300B9F4C1 /* ZLMyTabBar.swift */,
			);
			path = View;
			sourceTree = "<group>";
		};
		A4C5D141219ABEF500B9F4C1 /* Extension */ = {
			isa = PBXGroup;
			children = (
				A4C5D142219ABF5700B9F4C1 /* UIColor+Extension.swift */,
				A49ABE7A219BF6F200E63CF9 /* UIKit+Extension.swift */,
				A4E9374421AB95DC00C58810 /* Foundation+Extension.swift */,
			);
			path = Extension;
			sourceTree = "<group>";
		};
		A4C65684219D3F9D00E8E118 /* Theme */ = {
			isa = PBXGroup;
			children = (
				A4C65685219D3FDB00E8E118 /* default_theme.plist */,
				A4C65687219D400700E8E118 /* night_theme.plist */,
			);
			path = Theme;
			sourceTree = "<group>";
		};
		A4ED4A9C2194183F00A5E81C = {
			isa = PBXGroup;
			children = (
				A4ED4AA72194183F00A5E81C /* zhangyanlfNews */,
				A4ED4ABC2194184000A5E81C /* zhangyanlfNewsTests */,
				A4ED4AC72194184000A5E81C /* zhangyanlfNewsUITests */,
				A4ED4AA62194183F00A5E81C /* Products */,
				223CD2166EF7DED28ECB38F7 /* Pods */,
				EB6A46BC0A369B6A40C2D2BE /* Frameworks */,
			);
			sourceTree = "<group>";
		};
		A4ED4AA62194183F00A5E81C /* Products */ = {
			isa = PBXGroup;
			children = (
				A4ED4AA52194183F00A5E81C /* zhangyanlfNews.app */,
				A4ED4AB92194184000A5E81C /* zhangyanlfNewsTests.xctest */,
				A4ED4AC42194184000A5E81C /* zhangyanlfNewsUITests.xctest */,
			);
			name = Products;
			sourceTree = "<group>";
		};
		A4ED4AA72194183F00A5E81C /* zhangyanlfNews */ = {
			isa = PBXGroup;
			children = (
				A4C5D113219A796800B9F4C1 /* Classes */,
				A4ED4AAC2194183F00A5E81C /* Main.storyboard */,
				A4ED4AAF2194184000A5E81C /* Assets.xcassets */,
				A4ED4AB12194184000A5E81C /* LaunchScreen.storyboard */,
			);
			path = zhangyanlfNews;
			sourceTree = "<group>";
		};
		A4ED4ABC2194184000A5E81C /* zhangyanlfNewsTests */ = {
			isa = PBXGroup;
			children = (
				A4ED4ABD2194184000A5E81C /* zhangyanlfNewsTests.swift */,
				A4ED4ABF2194184000A5E81C /* Info.plist */,
			);
			path = zhangyanlfNewsTests;
			sourceTree = "<group>";
		};
		A4ED4AC72194184000A5E81C /* zhangyanlfNewsUITests */ = {
			isa = PBXGroup;
			children = (
				A4ED4AC82194184000A5E81C /* zhangyanlfNewsUITests.swift */,
				A4ED4ACA2194184000A5E81C /* Info.plist */,
			);
			path = zhangyanlfNewsUITests;
			sourceTree = "<group>";
		};
		A4F1081821EDCB1F00FB8CB7 /* Weitoutiao */ = {
			isa = PBXGroup;
			children = (
				A4F1081921EDCB1F00FB8CB7 /* Controller */,
				A4F1081A21EDCB1F00FB8CB7 /* Model */,
				A4F1081B21EDCB1F00FB8CB7 /* View */,
			);
			path = Weitoutiao;
			sourceTree = "<group>";
		};
		A4F1081921EDCB1F00FB8CB7 /* Controller */ = {
			isa = PBXGroup;
			children = (
				A4F1081C21EDCB4B00FB8CB7 /* ZLWeiTouTiaoController.swift */,
				A4F1081D21EDCB4B00FB8CB7 /* ZLWeiTouTiaoController.xib */,
			);
			path = Controller;
			sourceTree = "<group>";
		};
		A4F1081A21EDCB1F00FB8CB7 /* Model */ = {
			isa = PBXGroup;
			children = (
			);
			path = Model;
			sourceTree = "<group>";
		};
		A4F1081B21EDCB1F00FB8CB7 /* View */ = {
			isa = PBXGroup;
			children = (
			);
			path = View;
			sourceTree = "<group>";
		};
		EB6A46BC0A369B6A40C2D2BE /* Frameworks */ = {
			isa = PBXGroup;
			children = (
				A4FDF75121A537A200202DDB /* libsqlite3.tbd */,
				C844C24B2273CB3BDD3DF4C6 /* Pods_zhangyanlfNews.framework */,
				6C2C714F6852CE7E2B13D194 /* Pods_zhangyanlfNewsTests.framework */,
				B5F03EC2BA66D5637A1FE527 /* Pods_zhangyanlfNewsUITests.framework */,
			);
			name = Frameworks;
			sourceTree = "<group>";
		};
/* End PBXGroup section */

/* Begin PBXNativeTarget section */
		A4ED4AA42194183F00A5E81C /* zhangyanlfNews */ = {
			isa = PBXNativeTarget;
			buildConfigurationList = A4ED4ACD2194184000A5E81C /* Build configuration list for PBXNativeTarget "zhangyanlfNews" */;
			buildPhases = (
				54C480B38640093E1D9823C2 /* [CP] Check Pods Manifest.lock */,
				A4ED4AA12194183F00A5E81C /* Sources */,
				A4ED4AA22194183F00A5E81C /* Frameworks */,
				A4ED4AA32194183F00A5E81C /* Resources */,
				444835548EB4019EA2D65C6E /* [CP] Embed Pods Frameworks */,
			);
			buildRules = (
			);
			dependencies = (
			);
			name = zhangyanlfNews;
			productName = zhangyanlfNews;
			productReference = A4ED4AA52194183F00A5E81C /* zhangyanlfNews.app */;
			productType = "com.apple.product-type.application";
		};
		A4ED4AB82194184000A5E81C /* zhangyanlfNewsTests */ = {
			isa = PBXNativeTarget;
			buildConfigurationList = A4ED4AD02194184000A5E81C /* Build configuration list for PBXNativeTarget "zhangyanlfNewsTests" */;
			buildPhases = (
				A4ED4AB52194184000A5E81C /* Sources */,
				A4ED4AB62194184000A5E81C /* Frameworks */,
				A4ED4AB72194184000A5E81C /* Resources */,
			);
			buildRules = (
			);
			dependencies = (
				A4ED4ABB2194184000A5E81C /* PBXTargetDependency */,
			);
			name = zhangyanlfNewsTests;
			productName = zhangyanlfNewsTests;
			productReference = A4ED4AB92194184000A5E81C /* zhangyanlfNewsTests.xctest */;
			productType = "com.apple.product-type.bundle.unit-test";
		};
		A4ED4AC32194184000A5E81C /* zhangyanlfNewsUITests */ = {
			isa = PBXNativeTarget;
			buildConfigurationList = A4ED4AD32194184000A5E81C /* Build configuration list for PBXNativeTarget "zhangyanlfNewsUITests" */;
			buildPhases = (
				A4ED4AC02194184000A5E81C /* Sources */,
				A4ED4AC12194184000A5E81C /* Frameworks */,
				A4ED4AC22194184000A5E81C /* Resources */,
			);
			buildRules = (
			);
			dependencies = (
				A4ED4AC62194184000A5E81C /* PBXTargetDependency */,
			);
			name = zhangyanlfNewsUITests;
			productName = zhangyanlfNewsUITests;
			productReference = A4ED4AC42194184000A5E81C /* zhangyanlfNewsUITests.xctest */;
			productType = "com.apple.product-type.bundle.ui-testing";
		};
/* End PBXNativeTarget section */

/* Begin PBXProject section */
		A4ED4A9D2194183F00A5E81C /* Project object */ = {
			isa = PBXProject;
			attributes = {
				CLASSPREFIX = ZL;
				LastSwiftUpdateCheck = 1000;
				LastUpgradeCheck = 1000;
				ORGANIZATIONNAME = zhangyanlf.cn;
				TargetAttributes = {
					A4ED4AA42194183F00A5E81C = {
						CreatedOnToolsVersion = 10.0;
					};
					A4ED4AB82194184000A5E81C = {
						CreatedOnToolsVersion = 10.0;
						TestTargetID = A4ED4AA42194183F00A5E81C;
					};
					A4ED4AC32194184000A5E81C = {
						CreatedOnToolsVersion = 10.0;
						TestTargetID = A4ED4AA42194183F00A5E81C;
					};
				};
			};
			buildConfigurationList = A4ED4AA02194183F00A5E81C /* Build configuration list for PBXProject "zhangyanlfNews" */;
			compatibilityVersion = "Xcode 9.3";
			developmentRegion = en;
			hasScannedForEncodings = 0;
			knownRegions = (
				en,
				Base,
			);
			mainGroup = A4ED4A9C2194183F00A5E81C;
			productRefGroup = A4ED4AA62194183F00A5E81C /* Products */;
			projectDirPath = "";
			projectRoot = "";
			targets = (
				A4ED4AA42194183F00A5E81C /* zhangyanlfNews */,
				A4ED4AB82194184000A5E81C /* zhangyanlfNewsTests */,
				A4ED4AC32194184000A5E81C /* zhangyanlfNewsUITests */,
			);
		};
/* End PBXProject section */

/* Begin PBXResourcesBuildPhase section */
		A4ED4AA32194183F00A5E81C /* Resources */ = {
			isa = PBXResourcesBuildPhase;
			buildActionMask = 2147483647;
			files = (
				A49ABE7F219C082000E63CF9 /* ZLConcernCell.xib in Resources */,
				A424750C21A64CF9007CB22E /* ZLUserDetailController.xib in Resources */,
				A452ACA521B911250022BBEF /* emoji_sort.plist in Resources */,
				A43A616721E492B6005C6744 /* ZLDongtaiCollectionView.xib in Resources */,
				A40FEF5121DDF70B00A52E67 /* ZLDongtaiCollectionViewCell.xib in Resources */,
				A49DAC1721EC2F4300A506E7 /* ZLHomeNavigationBar.xib in Resources */,
				A49ABE83219C1FC000E63CF9 /* ZLNoLoginHeaderView.xib in Resources */,
				A4F1081F21EDCB4B00FB8CB7 /* ZLWeiTouTiaoController.xib in Resources */,
				A424751021A65C17007CB22E /* ZLUserDetailHeaderView.xib in Resources */,
				A49ABE73219BD1C600E63CF9 /* ZLMyOtherCell.xib in Resources */,
				A43A616321E44EF6005C6744 /* ZLDongtaiOriginThreadView.xib in Resources */,
				A4ED4AB32194184000A5E81C /* LaunchScreen.storyboard in Resources */,
				A44DDFAB21AF90C90008AD0F /* ZLUserDetailPopController.storyboard in Resources */,
				A4363C6221B0DD6300BBE818 /* ZLRelationRecommendView.xib in Resources */,
				A44072BD21A24A150062FD09 /* ZLMoreLoginViewController.storyboard in Resources */,
				A448607521A3FBF200CD1941 /* ZLOffLineDownLoadCell.xib in Resources */,
				A4363C6621B0DF1200BBE818 /* ZLRelationRecommendCell.xib in Resources */,
				A452ACA721B9112E0022BBEF /* emoji_mapping.plist in Resources */,
				A430A62C21A2B8AB009F1D15 /* settingPlist.plist in Resources */,
				A4C65686219D3FDB00E8E118 /* default_theme.plist in Resources */,
				A4ED4AB02194184000A5E81C /* Assets.xcassets in Resources */,
				A452ACA321B8C80B0022BBEF /* ZLUserDetailDongTaiCell.xib in Resources */,
				A4C65688219D400700E8E118 /* night_theme.plist in Resources */,
				A49ABE77219BEDBF00E63CF9 /* ZLAttentCell.xib in Resources */,
				A44DDFB321AFC73F0008AD0F /* ZLNavigationBar.xib in Resources */,
				A40FEF4D21DDEC6B00A52E67 /* ZLPostVideoArticleView.xib in Resources */,
				A448606F21A3ABF300CD1941 /* ZLSettingCell.xib in Resources */,
				A4ED4AAE2194183F00A5E81C /* Main.storyboard in Resources */,
			);
			runOnlyForDeploymentPostprocessing = 0;
		};
		A4ED4AB72194184000A5E81C /* Resources */ = {
			isa = PBXResourcesBuildPhase;
			buildActionMask = 2147483647;
			files = (
			);
			runOnlyForDeploymentPostprocessing = 0;
		};
		A4ED4AC22194184000A5E81C /* Resources */ = {
			isa = PBXResourcesBuildPhase;
			buildActionMask = 2147483647;
			files = (
			);
			runOnlyForDeploymentPostprocessing = 0;
		};
/* End PBXResourcesBuildPhase section */

/* Begin PBXShellScriptBuildPhase section */
		444835548EB4019EA2D65C6E /* [CP] Embed Pods Frameworks */ = {
			isa = PBXShellScriptBuildPhase;
			buildActionMask = 2147483647;
			files = (
			);
			inputFileListPaths = (
			);
			inputPaths = (
				"${SRCROOT}/Pods/Target Support Files/Pods-zhangyanlfNews/Pods-zhangyanlfNews-frameworks.sh",
				"${BUILT_PRODUCTS_DIR}/Alamofire/Alamofire.framework",
				"${BUILT_PRODUCTS_DIR}/HandyJSON/HandyJSON.framework",
				"${BUILT_PRODUCTS_DIR}/IBAnimatable/IBAnimatable.framework",
				"${BUILT_PRODUCTS_DIR}/Kingfisher/Kingfisher.framework",
				"${BUILT_PRODUCTS_DIR}/RxCocoa/RxCocoa.framework",
				"${BUILT_PRODUCTS_DIR}/RxSwift/RxSwift.framework",
				"${BUILT_PRODUCTS_DIR}/SQLite.swift/SQLite.framework",
				"${BUILT_PRODUCTS_DIR}/SwiftTheme/SwiftTheme.framework",
				"${BUILT_PRODUCTS_DIR}/SwiftyJSON/SwiftyJSON.framework",
			);
			name = "[CP] Embed Pods Frameworks";
			outputFileListPaths = (
			);
			outputPaths = (
				"${TARGET_BUILD_DIR}/${FRAMEWORKS_FOLDER_PATH}/Alamofire.framework",
				"${TARGET_BUILD_DIR}/${FRAMEWORKS_FOLDER_PATH}/HandyJSON.framework",
				"${TARGET_BUILD_DIR}/${FRAMEWORKS_FOLDER_PATH}/IBAnimatable.framework",
				"${TARGET_BUILD_DIR}/${FRAMEWORKS_FOLDER_PATH}/Kingfisher.framework",
				"${TARGET_BUILD_DIR}/${FRAMEWORKS_FOLDER_PATH}/RxCocoa.framework",
				"${TARGET_BUILD_DIR}/${FRAMEWORKS_FOLDER_PATH}/RxSwift.framework",
				"${TARGET_BUILD_DIR}/${FRAMEWORKS_FOLDER_PATH}/SQLite.framework",
				"${TARGET_BUILD_DIR}/${FRAMEWORKS_FOLDER_PATH}/SwiftTheme.framework",
				"${TARGET_BUILD_DIR}/${FRAMEWORKS_FOLDER_PATH}/SwiftyJSON.framework",
			);
			runOnlyForDeploymentPostprocessing = 0;
			shellPath = /bin/sh;
			shellScript = "\"${SRCROOT}/Pods/Target Support Files/Pods-zhangyanlfNews/Pods-zhangyanlfNews-frameworks.sh\"\n";
			showEnvVarsInLog = 0;
		};
		54C480B38640093E1D9823C2 /* [CP] Check Pods Manifest.lock */ = {
			isa = PBXShellScriptBuildPhase;
			buildActionMask = 2147483647;
			files = (
			);
			inputFileListPaths = (
			);
			inputPaths = (
				"${PODS_PODFILE_DIR_PATH}/Podfile.lock",
				"${PODS_ROOT}/Manifest.lock",
			);
			name = "[CP] Check Pods Manifest.lock";
			outputFileListPaths = (
			);
			outputPaths = (
				"$(DERIVED_FILE_DIR)/Pods-zhangyanlfNews-checkManifestLockResult.txt",
			);
			runOnlyForDeploymentPostprocessing = 0;
			shellPath = /bin/sh;
			shellScript = "diff \"${PODS_PODFILE_DIR_PATH}/Podfile.lock\" \"${PODS_ROOT}/Manifest.lock\" > /dev/null\nif [ $? != 0 ] ; then\n    # print error to STDERR\n    echo \"error: The sandbox is not in sync with the Podfile.lock. Run 'pod install' or update your CocoaPods installation.\" >&2\n    exit 1\nfi\n# This output is used by Xcode 'outputs' to avoid re-running this script phase.\necho \"SUCCESS\" > \"${SCRIPT_OUTPUT_FILE_0}\"\n";
			showEnvVarsInLog = 0;
		};
/* End PBXShellScriptBuildPhase section */

/* Begin PBXSourcesBuildPhase section */
		A4ED4AA12194183F00A5E81C /* Sources */ = {
			isa = PBXSourcesBuildPhase;
			buildActionMask = 2147483647;
			files = (
				A44DDFA721AF8DAA0008AD0F /* ZLUserDetailBottomPushController.swift in Sources */,
				A4E9374121AB92C800C58810 /* ZLUserDetail.swift in Sources */,
				A448607721A3FD8100CD1941 /* ZLOfflineDownloadViewController.swift in Sources */,
				A4E9374321AB94CE00C58810 /* ZLCalculate.swift in Sources */,
				A4C5D138219A796800B9F4C1 /* ZLMineViewController.swift in Sources */,
				A4C5D136219A796800B9F4C1 /* AppDelegate.swift in Sources */,
				A44DDFAD21AFB4A20008AD0F /* ZLPopoverAnimator.swift in Sources */,
				A424750E21A65C06007CB22E /* ZLUserDetailHeaderView.swift in Sources */,
				A4C5D134219A796800B9F4C1 /* ZLVideoViewController.swift in Sources */,
				A43A616121E44ED5005C6744 /* ZLDongtaiOriginThreadView.swift in Sources */,
				A40C10BE21AD2DB2007DAD21 /* ZLUserDetailBottomView.swift in Sources */,
				A4E9374521AB95DC00C58810 /* Foundation+Extension.swift in Sources */,
				A4C5D13E219AA84300B9F4C1 /* ZLMyTabBar.swift in Sources */,
				A448606E21A3ABF300CD1941 /* ZLSettingCell.swift in Sources */,
				A40FEF4B21DDEC5200A52E67 /* ZLPostVideoArticleView.swift in Sources */,
				A40FEF5021DDF70B00A52E67 /* ZLDongtaiCollectionViewCell.swift in Sources */,
				A49ABE7B219BF6F200E63CF9 /* UIKit+Extension.swift in Sources */,
				A448606B21A3A50500CD1941 /* SettingModel.swift in Sources */,
				A448607421A3FBF200CD1941 /* ZLOffLineDownLoadCell.swift in Sources */,
				A4C5D133219A796800B9F4C1 /* ZLHomeViewController.swift in Sources */,
				A4C5D139219A796800B9F4C1 /* ZLNewsNavigationController.swift in Sources */,
				A4C5D13A219A796800B9F4C1 /* ZLMyTabController.swift in Sources */,
				A430A62A21A2A6AF009F1D15 /* ZLSystemSetupController.swift in Sources */,
				A448607921A4004B00CD1941 /* HomeNewsTitle.swift in Sources */,
				A49ABE76219BEDBF00E63CF9 /* ZLAttentCell.swift in Sources */,
				A4363C6521B0DF1200BBE818 /* ZLRelationRecommendCell.swift in Sources */,
				A49ABE6F219BC17000E63CF9 /* ZLMyCellModel.swift in Sources */,
				A49ABE72219BD1C600E63CF9 /* ZLMyOtherCell.swift in Sources */,
				A44072BB21A249CC0062FD09 /* ZLMoreLoginViewController.swift in Sources */,
				A44DDFAF21AFB4F60008AD0F /* ZLPresentationController.swift in Sources */,
				A4C5D135219A796800B9F4C1 /* ZLHuoShanViewController.swift in Sources */,
				A4363C6021B0DD5200BBE818 /* ZLRelationRecommendView.swift in Sources */,
				A44DDFB121AFC7210008AD0F /* ZLNavigationBar.swift in Sources */,
				A452ACA221B8C80B0022BBEF /* ZLUserDetailDongTaiCell.swift in Sources */,
				A49ABE7E219C082000E63CF9 /* ZLConcernCell.swift in Sources */,
				A49ABE81219C1FAF00E63CF9 /* ZLNoLoginHeaderView.swift in Sources */,
				A4C5D140219ABDE400B9F4C1 /* Const.swift in Sources */,
				A4E9374721AB962C00C58810 /* Emoji.swift in Sources */,
				A424750B21A64CF9007CB22E /* ZLUserDetailController.swift in Sources */,
				A4C65683219D1DBC00E8E118 /* MyTheme.swift in Sources */,
				A49DAC1521EC2F3700A506E7 /* ZLHomeNavigationBar.swift in Sources */,
				A4FDF75021A5375A00202DDB /* SQliteManager.swift in Sources */,
				A4C5D143219ABF5700B9F4C1 /* UIColor+Extension.swift in Sources */,
				A49ABE6D219BB7B000E63CF9 /* NetWorkTool.swift in Sources */,
				A43A616521E45217005C6744 /* ZLDongtaiCollectionView.swift in Sources */,
				A44DDFA921AF90B30008AD0F /* ZLUserDetailPopController.swift in Sources */,
				A4F1081E21EDCB4B00FB8CB7 /* ZLWeiTouTiaoController.swift in Sources */,
			);
			runOnlyForDeploymentPostprocessing = 0;
		};
		A4ED4AB52194184000A5E81C /* Sources */ = {
			isa = PBXSourcesBuildPhase;
			buildActionMask = 2147483647;
			files = (
				A4ED4ABE2194184000A5E81C /* zhangyanlfNewsTests.swift in Sources */,
			);
			runOnlyForDeploymentPostprocessing = 0;
		};
		A4ED4AC02194184000A5E81C /* Sources */ = {
			isa = PBXSourcesBuildPhase;
			buildActionMask = 2147483647;
			files = (
				A4ED4AC92194184000A5E81C /* zhangyanlfNewsUITests.swift in Sources */,
			);
			runOnlyForDeploymentPostprocessing = 0;
		};
/* End PBXSourcesBuildPhase section */

/* Begin PBXTargetDependency section */
		A4ED4ABB2194184000A5E81C /* PBXTargetDependency */ = {
			isa = PBXTargetDependency;
			target = A4ED4AA42194183F00A5E81C /* zhangyanlfNews */;
			targetProxy = A4ED4ABA2194184000A5E81C /* PBXContainerItemProxy */;
		};
		A4ED4AC62194184000A5E81C /* PBXTargetDependency */ = {
			isa = PBXTargetDependency;
			target = A4ED4AA42194183F00A5E81C /* zhangyanlfNews */;
			targetProxy = A4ED4AC52194184000A5E81C /* PBXContainerItemProxy */;
		};
/* End PBXTargetDependency section */

/* Begin PBXVariantGroup section */
		A4ED4AAC2194183F00A5E81C /* Main.storyboard */ = {
			isa = PBXVariantGroup;
			children = (
				A4ED4AAD2194183F00A5E81C /* Base */,
			);
			name = Main.storyboard;
			sourceTree = "<group>";
		};
		A4ED4AB12194184000A5E81C /* LaunchScreen.storyboard */ = {
			isa = PBXVariantGroup;
			children = (
				A4ED4AB22194184000A5E81C /* Base */,
			);
			name = LaunchScreen.storyboard;
			sourceTree = "<group>";
		};
/* End PBXVariantGroup section */

/* Begin XCBuildConfiguration section */
		A4ED4ACB2194184000A5E81C /* Debug */ = {
			isa = XCBuildConfiguration;
			buildSettings = {
				ALWAYS_SEARCH_USER_PATHS = NO;
				CLANG_ANALYZER_NONNULL = YES;
				CLANG_ANALYZER_NUMBER_OBJECT_CONVERSION = YES_AGGRESSIVE;
				CLANG_CXX_LANGUAGE_STANDARD = "gnu++14";
				CLANG_CXX_LIBRARY = "libc++";
				CLANG_ENABLE_MODULES = YES;
				CLANG_ENABLE_OBJC_ARC = YES;
				CLANG_ENABLE_OBJC_WEAK = YES;
				CLANG_WARN_BLOCK_CAPTURE_AUTORELEASING = YES;
				CLANG_WARN_BOOL_CONVERSION = YES;
				CLANG_WARN_COMMA = YES;
				CLANG_WARN_CONSTANT_CONVERSION = YES;
				CLANG_WARN_DEPRECATED_OBJC_IMPLEMENTATIONS = YES;
				CLANG_WARN_DIRECT_OBJC_ISA_USAGE = YES_ERROR;
				CLANG_WARN_DOCUMENTATION_COMMENTS = YES;
				CLANG_WARN_EMPTY_BODY = YES;
				CLANG_WARN_ENUM_CONVERSION = YES;
				CLANG_WARN_INFINITE_RECURSION = YES;
				CLANG_WARN_INT_CONVERSION = YES;
				CLANG_WARN_NON_LITERAL_NULL_CONVERSION = YES;
				CLANG_WARN_OBJC_IMPLICIT_RETAIN_SELF = YES;
				CLANG_WARN_OBJC_LITERAL_CONVERSION = YES;
				CLANG_WARN_OBJC_ROOT_CLASS = YES_ERROR;
				CLANG_WARN_RANGE_LOOP_ANALYSIS = YES;
				CLANG_WARN_STRICT_PROTOTYPES = YES;
				CLANG_WARN_SUSPICIOUS_MOVE = YES;
				CLANG_WARN_UNGUARDED_AVAILABILITY = YES_AGGRESSIVE;
				CLANG_WARN_UNREACHABLE_CODE = YES;
				CLANG_WARN__DUPLICATE_METHOD_MATCH = YES;
				CODE_SIGN_IDENTITY = "iPhone Developer";
				COPY_PHASE_STRIP = NO;
				DEBUG_INFORMATION_FORMAT = dwarf;
				ENABLE_STRICT_OBJC_MSGSEND = YES;
				ENABLE_TESTABILITY = YES;
				GCC_C_LANGUAGE_STANDARD = gnu11;
				GCC_DYNAMIC_NO_PIC = NO;
				GCC_NO_COMMON_BLOCKS = YES;
				GCC_OPTIMIZATION_LEVEL = 0;
				GCC_PREPROCESSOR_DEFINITIONS = (
					"DEBUG=1",
					"$(inherited)",
				);
				GCC_WARN_64_TO_32_BIT_CONVERSION = YES;
				GCC_WARN_ABOUT_RETURN_TYPE = YES_ERROR;
				GCC_WARN_UNDECLARED_SELECTOR = YES;
				GCC_WARN_UNINITIALIZED_AUTOS = YES_AGGRESSIVE;
				GCC_WARN_UNUSED_FUNCTION = YES;
				GCC_WARN_UNUSED_VARIABLE = YES;
				IPHONEOS_DEPLOYMENT_TARGET = 12.0;
				MTL_ENABLE_DEBUG_INFO = INCLUDE_SOURCE;
				MTL_FAST_MATH = YES;
				ONLY_ACTIVE_ARCH = YES;
				SDKROOT = iphoneos;
				SWIFT_ACTIVE_COMPILATION_CONDITIONS = DEBUG;
				SWIFT_OPTIMIZATION_LEVEL = "-Onone";
			};
			name = Debug;
		};
		A4ED4ACC2194184000A5E81C /* Release */ = {
			isa = XCBuildConfiguration;
			buildSettings = {
				ALWAYS_SEARCH_USER_PATHS = NO;
				CLANG_ANALYZER_NONNULL = YES;
				CLANG_ANALYZER_NUMBER_OBJECT_CONVERSION = YES_AGGRESSIVE;
				CLANG_CXX_LANGUAGE_STANDARD = "gnu++14";
				CLANG_CXX_LIBRARY = "libc++";
				CLANG_ENABLE_MODULES = YES;
				CLANG_ENABLE_OBJC_ARC = YES;
				CLANG_ENABLE_OBJC_WEAK = YES;
				CLANG_WARN_BLOCK_CAPTURE_AUTORELEASING = YES;
				CLANG_WARN_BOOL_CONVERSION = YES;
				CLANG_WARN_COMMA = YES;
				CLANG_WARN_CONSTANT_CONVERSION = YES;
				CLANG_WARN_DEPRECATED_OBJC_IMPLEMENTATIONS = YES;
				CLANG_WARN_DIRECT_OBJC_ISA_USAGE = YES_ERROR;
				CLANG_WARN_DOCUMENTATION_COMMENTS = YES;
				CLANG_WARN_EMPTY_BODY = YES;
				CLANG_WARN_ENUM_CONVERSION = YES;
				CLANG_WARN_INFINITE_RECURSION = YES;
				CLANG_WARN_INT_CONVERSION = YES;
				CLANG_WARN_NON_LITERAL_NULL_CONVERSION = YES;
				CLANG_WARN_OBJC_IMPLICIT_RETAIN_SELF = YES;
				CLANG_WARN_OBJC_LITERAL_CONVERSION = YES;
				CLANG_WARN_OBJC_ROOT_CLASS = YES_ERROR;
				CLANG_WARN_RANGE_LOOP_ANALYSIS = YES;
				CLANG_WARN_STRICT_PROTOTYPES = YES;
				CLANG_WARN_SUSPICIOUS_MOVE = YES;
				CLANG_WARN_UNGUARDED_AVAILABILITY = YES_AGGRESSIVE;
				CLANG_WARN_UNREACHABLE_CODE = YES;
				CLANG_WARN__DUPLICATE_METHOD_MATCH = YES;
				CODE_SIGN_IDENTITY = "iPhone Developer";
				COPY_PHASE_STRIP = NO;
				DEBUG_INFORMATION_FORMAT = "dwarf-with-dsym";
				ENABLE_NS_ASSERTIONS = NO;
				ENABLE_STRICT_OBJC_MSGSEND = YES;
				GCC_C_LANGUAGE_STANDARD = gnu11;
				GCC_NO_COMMON_BLOCKS = YES;
				GCC_WARN_64_TO_32_BIT_CONVERSION = YES;
				GCC_WARN_ABOUT_RETURN_TYPE = YES_ERROR;
				GCC_WARN_UNDECLARED_SELECTOR = YES;
				GCC_WARN_UNINITIALIZED_AUTOS = YES_AGGRESSIVE;
				GCC_WARN_UNUSED_FUNCTION = YES;
				GCC_WARN_UNUSED_VARIABLE = YES;
				IPHONEOS_DEPLOYMENT_TARGET = 12.0;
				MTL_ENABLE_DEBUG_INFO = NO;
				MTL_FAST_MATH = YES;
				SDKROOT = iphoneos;
				SWIFT_COMPILATION_MODE = wholemodule;
				SWIFT_OPTIMIZATION_LEVEL = "-O";
				VALIDATE_PRODUCT = YES;
			};
			name = Release;
		};
		A4ED4ACE2194184000A5E81C /* Debug */ = {
			isa = XCBuildConfiguration;
			baseConfigurationReference = 43208B121A8FD6EA95A7DF53 /* Pods-zhangyanlfNews.debug.xcconfig */;
			buildSettings = {
				ASSETCATALOG_COMPILER_APPICON_NAME = AppIcon;
				CODE_SIGN_STYLE = Automatic;
				DEVELOPMENT_TEAM = KP53485862;
				INFOPLIST_FILE = "$(SRCROOT)/zhangyanlfNews/Classes/Others/Info.plist";
				IPHONEOS_DEPLOYMENT_TARGET = 9.0;
				LD_RUNPATH_SEARCH_PATHS = (
					"$(inherited)",
					"@executable_path/Frameworks",
				);
				PRODUCT_BUNDLE_IDENTIFIER = cn.zhangyanlf.zhangyanlfNews;
				PRODUCT_NAME = "$(TARGET_NAME)";
				SWIFT_VERSION = 4.2;
				TARGETED_DEVICE_FAMILY = 1;
			};
			name = Debug;
		};
		A4ED4ACF2194184000A5E81C /* Release */ = {
			isa = XCBuildConfiguration;
			baseConfigurationReference = 1D0142615FE36A4DD60E411F /* Pods-zhangyanlfNews.release.xcconfig */;
			buildSettings = {
				ASSETCATALOG_COMPILER_APPICON_NAME = AppIcon;
				CODE_SIGN_STYLE = Automatic;
				DEVELOPMENT_TEAM = KP53485862;
				INFOPLIST_FILE = "$(SRCROOT)/zhangyanlfNews/Classes/Others/Info.plist";
				IPHONEOS_DEPLOYMENT_TARGET = 9.0;
				LD_RUNPATH_SEARCH_PATHS = (
					"$(inherited)",
					"@executable_path/Frameworks",
				);
				PRODUCT_BUNDLE_IDENTIFIER = cn.zhangyanlf.zhangyanlfNews;
				PRODUCT_NAME = "$(TARGET_NAME)";
				SWIFT_VERSION = 4.2;
				TARGETED_DEVICE_FAMILY = 1;
			};
			name = Release;
		};
		A4ED4AD12194184000A5E81C /* Debug */ = {
			isa = XCBuildConfiguration;
			buildSettings = {
				ALWAYS_EMBED_SWIFT_STANDARD_LIBRARIES = YES;
				BUNDLE_LOADER = "$(TEST_HOST)";
				CODE_SIGN_STYLE = Automatic;
				DEVELOPMENT_TEAM = PK4HKV9AQF;
				INFOPLIST_FILE = zhangyanlfNewsTests/Info.plist;
				LD_RUNPATH_SEARCH_PATHS = (
					"$(inherited)",
					"@executable_path/Frameworks",
					"@loader_path/Frameworks",
				);
				PRODUCT_BUNDLE_IDENTIFIER = cn.zhangyanlf.zhangyanlfNewsTests;
				PRODUCT_NAME = "$(TARGET_NAME)";
				SWIFT_VERSION = 4.2;
				TARGETED_DEVICE_FAMILY = "1,2";
				TEST_HOST = "$(BUILT_PRODUCTS_DIR)/zhangyanlfNews.app/zhangyanlfNews";
			};
			name = Debug;
		};
		A4ED4AD22194184000A5E81C /* Release */ = {
			isa = XCBuildConfiguration;
			buildSettings = {
				ALWAYS_EMBED_SWIFT_STANDARD_LIBRARIES = YES;
				BUNDLE_LOADER = "$(TEST_HOST)";
				CODE_SIGN_STYLE = Automatic;
				DEVELOPMENT_TEAM = PK4HKV9AQF;
				INFOPLIST_FILE = zhangyanlfNewsTests/Info.plist;
				LD_RUNPATH_SEARCH_PATHS = (
					"$(inherited)",
					"@executable_path/Frameworks",
					"@loader_path/Frameworks",
				);
				PRODUCT_BUNDLE_IDENTIFIER = cn.zhangyanlf.zhangyanlfNewsTests;
				PRODUCT_NAME = "$(TARGET_NAME)";
				SWIFT_VERSION = 4.2;
				TARGETED_DEVICE_FAMILY = "1,2";
				TEST_HOST = "$(BUILT_PRODUCTS_DIR)/zhangyanlfNews.app/zhangyanlfNews";
			};
			name = Release;
		};
		A4ED4AD42194184000A5E81C /* Debug */ = {
			isa = XCBuildConfiguration;
			buildSettings = {
				ALWAYS_EMBED_SWIFT_STANDARD_LIBRARIES = YES;
				CODE_SIGN_STYLE = Automatic;
				DEVELOPMENT_TEAM = PK4HKV9AQF;
				INFOPLIST_FILE = zhangyanlfNewsUITests/Info.plist;
				LD_RUNPATH_SEARCH_PATHS = (
					"$(inherited)",
					"@executable_path/Frameworks",
					"@loader_path/Frameworks",
				);
				PRODUCT_BUNDLE_IDENTIFIER = cn.zhangyanlf.zhangyanlfNewsUITests;
				PRODUCT_NAME = "$(TARGET_NAME)";
				SWIFT_VERSION = 4.2;
				TARGETED_DEVICE_FAMILY = "1,2";
				TEST_TARGET_NAME = zhangyanlfNews;
			};
			name = Debug;
		};
		A4ED4AD52194184000A5E81C /* Release */ = {
			isa = XCBuildConfiguration;
			buildSettings = {
				ALWAYS_EMBED_SWIFT_STANDARD_LIBRARIES = YES;
				CODE_SIGN_STYLE = Automatic;
				DEVELOPMENT_TEAM = PK4HKV9AQF;
				INFOPLIST_FILE = zhangyanlfNewsUITests/Info.plist;
				LD_RUNPATH_SEARCH_PATHS = (
					"$(inherited)",
					"@executable_path/Frameworks",
					"@loader_path/Frameworks",
				);
				PRODUCT_BUNDLE_IDENTIFIER = cn.zhangyanlf.zhangyanlfNewsUITests;
				PRODUCT_NAME = "$(TARGET_NAME)";
				SWIFT_VERSION = 4.2;
				TARGETED_DEVICE_FAMILY = "1,2";
				TEST_TARGET_NAME = zhangyanlfNews;
			};
			name = Release;
		};
/* End XCBuildConfiguration section */

/* Begin XCConfigurationList section */
		A4ED4AA02194183F00A5E81C /* Build configuration list for PBXProject "zhangyanlfNews" */ = {
			isa = XCConfigurationList;
			buildConfigurations = (
				A4ED4ACB2194184000A5E81C /* Debug */,
				A4ED4ACC2194184000A5E81C /* Release */,
			);
			defaultConfigurationIsVisible = 0;
			defaultConfigurationName = Release;
		};
		A4ED4ACD2194184000A5E81C /* Build configuration list for PBXNativeTarget "zhangyanlfNews" */ = {
			isa = XCConfigurationList;
			buildConfigurations = (
				A4ED4ACE2194184000A5E81C /* Debug */,
				A4ED4ACF2194184000A5E81C /* Release */,
			);
			defaultConfigurationIsVisible = 0;
			defaultConfigurationName = Release;
		};
		A4ED4AD02194184000A5E81C /* Build configuration list for PBXNativeTarget "zhangyanlfNewsTests" */ = {
			isa = XCConfigurationList;
			buildConfigurations = (
				A4ED4AD12194184000A5E81C /* Debug */,
				A4ED4AD22194184000A5E81C /* Release */,
			);
			defaultConfigurationIsVisible = 0;
			defaultConfigurationName = Release;
		};
		A4ED4AD32194184000A5E81C /* Build configuration list for PBXNativeTarget "zhangyanlfNewsUITests" */ = {
			isa = XCConfigurationList;
			buildConfigurations = (
				A4ED4AD42194184000A5E81C /* Debug */,
				A4ED4AD52194184000A5E81C /* Release */,
			);
			defaultConfigurationIsVisible = 0;
			defaultConfigurationName = Release;
		};
/* End XCConfigurationList section */
	};
	rootObject = A4ED4A9D2194183F00A5E81C /* Project object */;
}
